fyne.io/fyne/v2 v2.8.0 h1:KNUdIk1eKsXSPy/wU6MdiR1hppAPvyzbjPbtJ8h6EUQ=
fyne.io/fyne/v2 v2.8.0/go.mod h1:tLJK7CVtUBOnMiSDR+J88t/quiGuEhwGs09tIVM1RXg=
github.com/coder/websocket v1.8.15 h1:6B2JPeOGlpff2Uz6vOEH1Vzpi0iUz20A+lPVhPHtNUA=
github.com/coder/websocket v1.8.15/go.mod h1:NX3SzP+inril6yawo5CQXx8+fk145lPDC6pumgx0mVg=
